
Microsoft Visual Studio Solution File, Format Version 12.00
# Visual Studio 15
VisualStudioVersion = 15.0.26228.9
MinimumVisualStudioVersion = 10.0.40219.1
Project("{FAE04EC0-301F-11D3-BF4B-00C04F79EFBC}") = "KamikazeVTPRO.Common", "KamikazeVTPRO.Common\KamikazeVTPRO.Common.csproj", "{B9F4A487-5E21-4C1E-81F0-781C26DC37C8}"
EndProject
Project("{FAE04EC0-301F-11D3-BF4B-00C04F79EFBC}") = "KamikazeVTPRO.Data", "KamikazeVTPRO.Data\KamikazeVTPRO.Data.csproj", "{40B2B930-1438-4781-8210-0ED970BBD5AF}"
EndProject
Project("{FAE04EC0-301F-11D3-BF4B-00C04F79EFBC}") = "KamikazeVTPRO.Model", "KamikazeVTPRO.Model\KamikazeVTPRO.Model.csproj", "{37D82D29-7024-4C95-A698-ED38E5431386}"
EndProject
Project("{FAE04EC0-301F-11D3-BF4B-00C04F79EFBC}") = "KamikazeVTPRO.Service", "KamikazeVTPRO.Service\KamikazeVTPRO.Service.csproj", "{A18AF6E3-FA5F-4DA6-BD89-3EA197C96DCB}"
EndProject
Project("{FAE04EC0-301F-11D3-BF4B-00C04F79EFBC}") = "KamikazeVTPRO.Web", "KamikazeVTPRO.Web\KamikazeVTPRO.Web.csproj", "{AB2C23C0-3497-48C3-B799-9DB43A087066}"
EndProject
Project("{FAE04EC0-301F-11D3-BF4B-00C04F79EFBC}") = "KamikazeVTPRO.UnitTest", "KamikazeVTPRO.UnitTest\KamikazeVTPRO.UnitTest.csproj", "{6EB97D10-8B28-4FFB-8235-709AF2806C2F}"
EndProject
Global
	GlobalSection(SolutionConfigurationPlatforms) = preSolution
		Debug|Any CPU = Debug|Any CPU
		Release|Any CPU = Release|Any CPU
	EndGlobalSection
	GlobalSection(ProjectConfigurationPlatforms) = postSolution
		{B9F4A487-5E21-4C1E-81F0-781C26DC37C8}.Debug|Any CPU.ActiveCfg = Debug|Any CPU
		{B9F4A487-5E21-4C1E-81F0-781C26DC37C8}.Debug|Any CPU.Build.0 = Debug|Any CPU
		{B9F4A487-5E21-4C1E-81F0-781C26DC37C8}.Release|Any CPU.ActiveCfg = Release|Any CPU
		{B9F4A487-5E21-4C1E-81F0-781C26DC37C8}.Release|Any CPU.Build.0 = Release|Any CPU
		{40B2B930-1438-4781-8210-0ED970BBD5AF}.Debug|Any CPU.ActiveCfg = Debug|Any CPU
		{40B2B930-1438-4781-8210-0ED970BBD5AF}.Debug|Any CPU.Build.0 = Debug|Any CPU
		{40B2B930-1438-4781-8210-0ED970BBD5AF}.Release|Any CPU.ActiveCfg = Release|Any CPU
		{40B2B930-1438-4781-8210-0ED970BBD5AF}.Release|Any CPU.Build.0 = Release|Any CPU
		{37D82D29-7024-4C95-A698-ED38E5431386}.Debug|Any CPU.ActiveCfg = Debug|Any CPU
		{37D82D29-7024-4C95-A698-ED38E5431386}.Debug|Any CPU.Build.0 = Debug|Any CPU
		{37D82D29-7024-4C95-A698-ED38E5431386}.Release|Any CPU.ActiveCfg = Release|Any CPU
		{37D82D29-7024-4C95-A698-ED38E5431386}.Release|Any CPU.Build.0 = Release|Any CPU
		{A18AF6E3-FA5F-4DA6-BD89-3EA197C96DCB}.Debug|Any CPU.ActiveCfg = Debug|Any CPU
		{A18AF6E3-FA5F-4DA6-BD89-3EA197C96DCB}.Debug|Any CPU.Build.0 = Debug|Any CPU
		{A18AF6E3-FA5F-4DA6-BD89-3EA197C96DCB}.Release|Any CPU.ActiveCfg = Release|Any CPU
		{A18AF6E3-FA5F-4DA6-BD89-3EA197C96DCB}.Release|Any CPU.Build.0 = Release|Any CPU
		{AB2C23C0-3497-48C3-B799-9DB43A087066}.Debug|Any CPU.ActiveCfg = Debug|Any CPU
		{AB2C23C0-3497-48C3-B799-9DB43A087066}.Debug|Any CPU.Build.0 = Debug|Any CPU
		{AB2C23C0-3497-48C3-B799-9DB43A087066}.Release|Any CPU.ActiveCfg = Release|Any CPU
		{AB2C23C0-3497-48C3-B799-9DB43A087066}.Release|Any CPU.Build.0 = Release|Any CPU
		{6EB97D10-8B28-4FFB-8235-709AF2806C2F}.Debug|Any CPU.ActiveCfg = Debug|Any CPU
		{6EB97D10-8B28-4FFB-8235-709AF2806C2F}.Debug|Any CPU.Build.0 = Debug|Any CPU
		{6EB97D10-8B28-4FFB-8235-709AF2806C2F}.Release|Any CPU.ActiveCfg = Release|Any CPU
		{6EB97D10-8B28-4FFB-8235-709AF2806C2F}.Release|Any CPU.Build.0 = Release|Any CPU
	EndGlobalSection
	GlobalSection(SolutionProperties) = preSolution
		HideSolutionNode = FALSE
	EndGlobalSection
EndGlobal
